// !$*UTF8*$!
{
	archiveVersion = 1;
	classes = {
	};
	objectVersion = 50;
	objects = {

/* Begin PBXBuildFile section */
		CDD45E7325FA4E2F00CED42D /* AppDelegate.swift in Sources */ = {isa = PBXBuildFile; fileRef = CDD45E7225FA4E2F00CED42D /* AppDelegate.swift */; };
		CDD45E7525FA4E2F00CED42D /* SceneDelegate.swift in Sources */ = {isa = PBXBuildFile; fileRef = CDD45E7425FA4E2F00CED42D /* SceneDelegate.swift */; };
		CDD45E7725FA4E2F00CED42D /* ViewController.swift in Sources */ = {isa = PBXBuildFile; fileRef = CDD45E7625FA4E2F00CED42D /* ViewController.swift */; };
		CDD45E7A25FA4E2F00CED42D /* Main.storyboard in Resources */ = {isa = PBXBuildFile; fileRef = CDD45E7825FA4E2F00CED42D /* Main.storyboard */; };
		CDD45E7C25FA4E3000CED42D /* Assets.xcassets in Resources */ = {isa = PBXBuildFile; fileRef = CDD45E7B25FA4E3000CED42D /* Assets.xcassets */; };
		CDD45E7F25FA4E3000CED42D /* LaunchScreen.storyboard in Resources */ = {isa = PBXBuildFile; fileRef = CDD45E7D25FA4E3000CED42D /* LaunchScreen.storyboard */; };
		CDD45E8825FA58E300CED42D /* NoteTableViewController.swift in Sources */ = {isa = PBXBuildFile; fileRef = CDD45E8725FA58E300CED42D /* NoteTableViewController.swift */; };
		CDD45E8B25FA590A00CED42D /* AddEditNoteTableViewController.swift in Sources */ = {isa = PBXBuildFile; fileRef = CDD45E8A25FA590A00CED42D /* AddEditNoteTableViewController.swift */; };
		F3B2E69025FA5A3000EDE9F9 /* NoteProjet.swift in Sources */ = {isa = PBXBuildFile; fileRef = F3B2E68F25FA5A3000EDE9F9 /* NoteProjet.swift */; };
/* End PBXBuildFile section */

/* Begin PBXFileReference section */
		CDD45E6F25FA4E2F00CED42D /* NoteProjet.app */ = {isa = PBXFileReference; explicitFileType = wrapper.application; includeInIndex = 0; path = NoteProjet.app; sourceTree = BUILT_PRODUCTS_DIR; };
		CDD45E7225FA4E2F00CED42D /* AppDelegate.swift */ = {isa = PBXFileReference; lastKnownFileType = sourcecode.swift; path = AppDelegate.swift; sourceTree = "<group>"; };
		CDD45E7425FA4E2F00CED42D /* SceneDelegate.swift */ = {isa = PBXFileReference; lastKnownFileType = sourcecode.swift; path = SceneDelegate.swift; sourceTree = "<group>"; };
		CDD45E7625FA4E2F00CED42D /* ViewController.swift */ = {isa = PBXFileReference; lastKnownFileType = sourcecode.swift; path = ViewController.swift; sourceTree = "<group>"; };
		CDD45E7925FA4E2F00CED42D /* Base */ = {isa = PBXFileReference; lastKnownFileType = file.storyboard; name = Base; path = Base.lproj/Main.storyboard; sourceTree = "<group>"; };
		CDD45E7B25FA4E3000CED42D /* Assets.xcassets */ = {isa = PBXFileReference; lastKnownFileType = folder.assetcatalog; path = Assets.xcassets; sourceTree = "<group>"; };
		CDD45E7E25FA4E3000CED42D /* Base */ = {isa = PBXFileReference; lastKnownFileType = file.storyboard; name = Base; path = Base.lproj/LaunchScreen.storyboard; sourceTree = "<group>"; };
		CDD45E8025FA4E3000CED42D /* Info.plist */ = {isa = PBXFileReference; lastKnownFileType = text.plist.xml; path = Info.plist; sourceTree = "<group>"; };
		CDD45E8725FA58E300CED42D /* NoteTableViewController.swift */ = {isa = PBXFileReference; lastKnownFileType = sourcecode.swift; path = NoteTableViewController.swift; sourceTree = "<group>"; };
		CDD45E8A25FA590A00CED42D /* AddEditNoteTableViewController.swift */ = {isa = PBXFileReference; lastKnownFileType = sourcecode.swift; path = AddEditNoteTableViewController.swift; sourceTree = "<group>"; };
		F3B2E68F25FA5A3000EDE9F9 /* NoteProjet.swift */ = {isa = PBXFileReference; lastKnownFileType = sourcecode.swift; path = NoteProjet.swift; sourceTree = "<group>"; };
/* End PBXFileReference section */

/* Begin PBXFrameworksBuildPhase section */
		CDD45E6C25FA4E2F00CED42D /* Frameworks */ = {
			isa = PBXFrameworksBuildPhase;
			buildActionMask = 2147483647;
			files = (
			);
			runOnlyForDeploymentPostprocessing = 0;
		};
/* End PBXFrameworksBuildPhase section */

/* Begin PBXGroup section */
		CDD45E6625FA4E2F00CED42D = {
			isa = PBXGroup;
			children = (
				F3B2E68F25FA5A3000EDE9F9 /* NoteProjet.swift */,
				CDD45E7125FA4E2F00CED42D /* NoteProjet */,
				CDD45E7025FA4E2F00CED42D /* Products */,
			);
			sourceTree = "<group>";
		};
		CDD45E7025FA4E2F00CED42D /* Products */ = {
			isa = PBXGroup;
			children = (
				CDD45E6F25FA4E2F00CED42D /* NoteProjet.app */,
			);
			name = Products;
			sourceTree = "<group>";
		};
		CDD45E7125FA4E2F00CED42D /* NoteProjet */ = {
			isa = PBXGroup;
			children = (
				CDD45E7225FA4E2F00CED42D /* AppDelegate.swift */,
				CDD45E7425FA4E2F00CED42D /* SceneDelegate.swift */,
				CDD45E7625FA4E2F00CED42D /* ViewController.swift */,
				CDD45E7825FA4E2F00CED42D /* Main.storyboard */,
				CDD45E8A25FA590A00CED42D /* AddEditNoteTableViewController.swift */,
				CDD45E8725FA58E300CED42D /* NoteTableViewController.swift */,
				CDD45E7B25FA4E3000CED42D /* Assets.xcassets */,
				CDD45E7D25FA4E3000CED42D /* LaunchScreen.storyboard */,
				CDD45E8025FA4E3000CED42D /* Info.plist */,
			);
			path = NoteProjet;
			sourceTree = "<group>";
		};
/* End PBXGroup section */

/* Begin PBXNativeTarget section */
		CDD45E6E25FA4E2F00CED42D /* NoteProjet */ = {
			isa = PBXNativeTarget;
			buildConfigurationList = CDD45E8325FA4E3000CED42D /* Build configuration list for PBXNativeTarget "NoteProjet" */;
			buildPhases = (
				CDD45E6B25FA4E2F00CED42D /* Sources */,
				CDD45E6C25FA4E2F00CED42D /* Frameworks */,
				CDD45E6D25FA4E2F00CED42D /* Resources */,
			);
			buildRules = (
			);
			dependencies = (
			);
			name = NoteProjet;
			productName = NoteProjet;
			productReference = CDD45E6F25FA4E2F00CED42D /* NoteProjet.app */;
			productType = "com.apple.product-type.application";
		};
/* End PBXNativeTarget section */

/* Begin PBXProject section */
		CDD45E6725FA4E2F00CED42D /* Project object */ = {
			isa = PBXProject;
			attributes = {
				LastSwiftUpdateCheck = 1240;
				LastUpgradeCheck = 1240;
				TargetAttributes = {
					CDD45E6E25FA4E2F00CED42D = {
						CreatedOnToolsVersion = 12.4;
					};
				};
			};
			buildConfigurationList = CDD45E6A25FA4E2F00CED42D /* Build configuration list for PBXProject "NoteProjet" */;
			compatibilityVersion = "Xcode 9.3";
			developmentRegion = en;
			hasScannedForEncodings = 0;
			knownRegions = (
				en,
				Base,
			);
			mainGroup = CDD45E6625FA4E2F00CED42D;
			productRefGroup = CDD45E7025FA4E2F00CED42D /* Products */;
			projectDirPath = "";
			projectRoot = "";
			targets = (
				CDD45E6E25FA4E2F00CED42D /* NoteProjet */,
			);
		};
/* End PBXProject section */

/* Begin PBXResourcesBuildPhase section */
		CDD45E6D25FA4E2F00CED42D /* Resources */ = {
			isa = PBXResourcesBuildPhase;
			buildActionMask = 2147483647;
			files = (
				CDD45E7F25FA4E3000CED42D /* LaunchScreen.storyboard in Resources */,
				CDD45E7C25FA4E3000CED42D /* Assets.xcassets in Resources */,
				CDD45E7A25FA4E2F00CED42D /* Main.storyboard in Resources */,
			);
			runOnlyForDeploymentPostprocessing = 0;
		};
/* End PBXResourcesBuildPhase section */

/* Begin PBXSourcesBuildPhase section */
		CDD45E6B25FA4E2F00CED42D /* Sources */ = {
			isa = PBXSourcesBuildPhase;
			buildActionMask = 2147483647;
			files = (
				CDD45E7725FA4E2F00CED42D /* ViewController.swift in Sources */,
				CDD45E8825FA58E300CED42D /* NoteTableViewController.swift in Sources */,
				CDD45E7325FA4E2F00CED42D /* AppDelegate.swift in Sources */,
				CDD45E8B25FA590A00CED42D /* AddEditNoteTableViewController.swift in Sources */,
				CDD45E7525FA4E2F00CED42D /* SceneDelegate.swift in Sources */,
				F3B2E69025FA5A3000EDE9F9 /* NoteProjet.swift in Sources */,
			);
			runOnlyForDeploymentPostprocessing = 0;
		};
/* End PBXSourcesBuildPhase section */

/* Begin PBXVariantGroup section */
		CDD45E7825FA4E2F00CED42D /* Main.storyboard */ = {
			isa = PBXVariantGroup;
			children = (
				CDD45E7925FA4E2F00CED42D /* Base */,
			);
			name = Main.storyboard;
			sourceTree = "<group>";
		};
		CDD45E7D25FA4E3000CED42D /* LaunchScreen.storyboard */ = {
			isa = PBXVariantGroup;
			children = (
				CDD45E7E25FA4E3000CED42D /* Base */,
			);
			name = LaunchScreen.storyboard;
			sourceTree = "<group>";
		};
/* End PBXVariantGroup section */

/* Begin XCBuildConfiguration section */
		CDD45E8125FA4E3000CED42D /* Debug */ = {
			isa = XCBuildConfiguration;
			buildSettings = {
				ALWAYS_SEARCH_USER_PATHS = NO;
				CLANG_ANALYZER_NONNULL = YES;
				CLANG_ANALYZER_NUMBER_OBJECT_CONVERSION = YES_AGGRESSIVE;
				CLANG_CXX_LANGUAGE_STANDARD = "gnu++14";
				CLANG_CXX_LIBRARY = "libc++";
				CLANG_ENABLE_MODULES = YES;
				CLANG_ENABLE_OBJC_ARC = YES;
				CLANG_ENABLE_OBJC_WEAK = YES;
				CLANG_WARN_BLOCK_CAPTURE_AUTORELEASING = YES;
				CLANG_WARN_BOOL_CONVERSION = YES;
				CLANG_WARN_COMMA = YES;
				CLANG_WARN_CONSTANT_CONVERSION = YES;
				CLANG_WARN_DEPRECATED_OBJC_IMPLEMENTATIONS = YES;
				CLANG_WARN_DIRECT_OBJC_ISA_USAGE = YES_ERROR;
				CLANG_WARN_DOCUMENTATION_COMMENTS = YES;
				CLANG_WARN_EMPTY_BODY = YES;
				CLANG_WARN_ENUM_CONVERSION = YES;
				CLANG_WARN_INFINITE_RECURSION = YES;
				CLANG_WARN_INT_CONVERSION = YES;
				CLANG_WARN_NON_LITERAL_NULL_CONVERSION = YES;
				CLANG_WARN_OBJC_IMPLICIT_RETAIN_SELF = YES;
				CLANG_WARN_OBJC_LITERAL_CONVERSION = YES;
				CLANG_WARN_OBJC_ROOT_CLASS = YES_ERROR;
				CLANG_WARN_QUOTED_INCLUDE_IN_FRAMEWORK_HEADER = YES;
				CLANG_WARN_RANGE_LOOP_ANALYSIS = YES;
				CLANG_WARN_STRICT_PROTOTYPES = YES;
				CLANG_WARN_SUSPICIOUS_MOVE = YES;
				CLANG_WARN_UNGUARDED_AVAILABILITY = YES_AGGRESSIVE;
				CLANG_WARN_UNREACHABLE_CODE = YES;
				CLANG_WARN__DUPLICATE_METHOD_MATCH = YES;
				COPY_PHASE_STRIP = NO;
				DEBUG_INFORMATION_FORMAT = dwarf;
				ENABLE_STRICT_OBJC_MSGSEND = YES;
				ENABLE_TESTABILITY = YES;
				GCC_C_LANGUAGE_STANDARD = gnu11;
				GCC_DYNAMIC_NO_PIC = NO;
				GCC_NO_COMMON_BLOCKS = YES;
				GCC_OPTIMIZATION_LEVEL = 0;
				GCC_PREPROCESSOR_DEFINITIONS = (
					"DEBUG=1",
					"$(inherited)",
				);
				GCC_WARN_64_TO_32_BIT_CONVERSION = YES;
				GCC_WARN_ABOUT_RETURN_TYPE = YES_ERROR;
				GCC_WARN_UNDECLARED_SELECTOR = YES;
				GCC_WARN_UNINITIALIZED_AUTOS = YES_AGGRESSIVE;
				GCC_WARN_UNUSED_FUNCTION = YES;
				GCC_WARN_UNUSED_VARIABLE = YES;
				IPHONEOS_DEPLOYMENT_TARGET = 14.4;
				MTL_ENABLE_DEBUG_INFO = INCLUDE_SOURCE;
				MTL_FAST_MATH = YES;
				ONLY_ACTIVE_ARCH = YES;
				SDKROOT = iphoneos;
				SWIFT_ACTIVE_COMPILATION_CONDITIONS = DEBUG;
				SWIFT_OPTIMIZATION_LEVEL = "-Onone";
			};
			name = Debug;
		};
		CDD45E8225FA4E3000CED42D /* Release */ = {
			isa = XCBuildConfiguration;
			buildSettings = {
				ALWAYS_SEARCH_USER_PATHS = NO;
				CLANG_ANALYZER_NONNULL = YES;
				CLANG_ANALYZER_NUMBER_OBJECT_CONVERSION = YES_AGGRESSIVE;
				CLANG_CXX_LANGUAGE_STANDARD = "gnu++14";
				CLANG_CXX_LIBRARY = "libc++";
				CLANG_ENABLE_MODULES = YES;
				CLANG_ENABLE_OBJC_ARC = YES;
				CLANG_ENABLE_OBJC_WEAK = YES;
				CLANG_WARN_BLOCK_CAPTURE_AUTORELEASING = YES;
				CLANG_WARN_BOOL_CONVERSION = YES;
				CLANG_WARN_COMMA = YES;
				CLANG_WARN_CONSTANT_CONVERSION = YES;
				CLANG_WARN_DEPRECATED_OBJC_IMPLEMENTATIONS = YES;
				CLANG_WARN_DIRECT_OBJC_ISA_USAGE = YES_ERROR;
				CLANG_WARN_DOCUMENTATION_COMMENTS = YES;
				CLANG_WARN_EMPTY_BODY = YES;
				CLANG_WARN_ENUM_CONVERSION = YES;
				CLANG_WARN_INFINITE_RECURSION = YES;
				CLANG_WARN_INT_CONVERSION = YES;
				CLANG_WARN_NON_LITERAL_NULL_CONVERSION = YES;
				CLANG_WARN_OBJC_IMPLICIT_RETAIN_SELF = YES;
				CLANG_WARN_OBJC_LITERAL_CONVERSION = YES;
				CLANG_WARN_OBJC_ROOT_CLASS = YES_ERROR;
				CLANG_WARN_QUOTED_INCLUDE_IN_FRAMEWORK_HEADER = YES;
				CLANG_WARN_RANGE_LOOP_ANALYSIS = YES;
				CLANG_WARN_STRICT_PROTOTYPES = YES;
				CLANG_WARN_SUSPICIOUS_MOVE = YES;
				CLANG_WARN_UNGUARDED_AVAILABILITY = YES_AGGRESSIVE;
				CLANG_WARN_UNREACHABLE_CODE = YES;
				CLANG_WARN__DUPLICATE_METHOD_MATCH = YES;
				COPY_PHASE_STRIP = NO;
				DEBUG_INFORMATION_FORMAT = "dwarf-with-dsym";
				ENABLE_NS_ASSERTIONS = NO;
				ENABLE_STRICT_OBJC_MSGSEND = YES;
				GCC_C_LANGUAGE_STANDARD = gnu11;
				GCC_NO_COMMON_BLOCKS = YES;
				GCC_WARN_64_TO_32_BIT_CONVERSION = YES;
				GCC_WARN_ABOUT_RETURN_TYPE = YES_ERROR;
				GCC_WARN_UNDECLARED_SELECTOR = YES;
				GCC_WARN_UNINITIALIZED_AUTOS = YES_AGGRESSIVE;
				GCC_WARN_UNUSED_FUNCTION = YES;
				GCC_WARN_UNUSED_VARIABLE = YES;
				IPHONEOS_DEPLOYMENT_TARGET = 14.4;
				MTL_ENABLE_DEBUG_INFO = NO;
				MTL_FAST_MATH = YES;
				SDKROOT = iphoneos;
				SWIFT_COMPILATION_MODE = wholemodule;
				SWIFT_OPTIMIZATION_LEVEL = "-O";
				VALIDATE_PRODUCT = YES;
			};
			name = Release;
		};
		CDD45E8425FA4E3000CED42D /* Debug */ = {
			isa = XCBuildConfiguration;
			buildSettings = {
				ASSETCATALOG_COMPILER_APPICON_NAME = AppIcon;
				ASSETCATALOG_COMPILER_GLOBAL_ACCENT_COLOR_NAME = AccentColor;
				CODE_SIGN_STYLE = Automatic;
				INFOPLIST_FILE = NoteProjet/Info.plist;
				LD_RUNPATH_SEARCH_PATHS = (
					"$(inherited)",
					"@executable_path/Frameworks",
				);
				PRODUCT_BUNDLE_IDENTIFIER = com.otto.NoteProjet;
				PRODUCT_NAME = "$(TARGET_NAME)";
				SWIFT_VERSION = 5.0;
				TARGETED_DEVICE_FAMILY = "1,2";
			};
			name = Debug;
		};
		CDD45E8525FA4E3000CED42D /* Release */ = {
			isa = XCBuildConfiguration;
			buildSettings = {
				ASSETCATALOG_COMPILER_APPICON_NAME = AppIcon;
				ASSETCATALOG_COMPILER_GLOBAL_ACCENT_COLOR_NAME = AccentColor;
				CODE_SIGN_STYLE = Automatic;
				INFOPLIST_FILE = NoteProjet/Info.plist;
				LD_RUNPATH_SEARCH_PATHS = (
					"$(inherited)",
					"@executable_path/Frameworks",
				);
				PRODUCT_BUNDLE_IDENTIFIER = com.otto.NoteProjet;
				PRODUCT_NAME = "$(TARGET_NAME)";
				SWIFT_VERSION = 5.0;
				TARGETED_DEVICE_FAMILY = "1,2";
			};
			name = Release;
		};
/* End XCBuildConfiguration section */

/* Begin XCConfigurationList section */
		CDD45E6A25FA4E2F00CED42D /* Build configuration list for PBXProject "NoteProjet" */ = {
			isa = XCConfigurationList;
			buildConfigurations = (
				CDD45E8125FA4E3000CED42D /* Debug */,
				CDD45E8225FA4E3000CED42D /* Release */,
			);
			defaultConfigurationIsVisible = 0;
			defaultConfigurationName = Release;
		};
		CDD45E8325FA4E3000CED42D /* Build configuration list for PBXNativeTarget "NoteProjet" */ = {
			isa = XCConfigurationList;
			buildConfigurations = (
				CDD45E8425FA4E3000CED42D /* Debug */,
				CDD45E8525FA4E3000CED42D /* Release */,
			);
			defaultConfigurationIsVisible = 0;
			defaultConfigurationName = Release;
		};
/* End XCConfigurationList section */
	};
	rootObject = CDD45E6725FA4E2F00CED42D /* Project object */;
}
